<?xml version="1.0" encoding="utf-8"?>
<Project ToolsVersion="4.0" xmlns="http://schemas.microsoft.com/developer/msbuild/2003">
  <ItemGroup>
    <Filter Include="Source Files">
      <UniqueIdentifier>{4FC737F1-C7A5-4376-A066-2A32D752A2FF}</UniqueIdentifier>
      <Extensions>cpp;c;cc;cxx;c++;cppm;ixx;def;odl;idl;hpj;bat;asm;asmx</Extensions>
    </Filter>
    <Filter Include="Header Files">
      <UniqueIdentifier>{93995380-89BD-4b04-88EB-625FBE52EBFB}</UniqueIdentifier>
      <Extensions>h;hh;hpp;hxx;h++;hm;inl;inc;ipp;xsd</Extensions>
    </Filter>
    <Filter Include="Resource Files">
      <UniqueIdentifier>{67DA6AB6-F800-4c08-8B7A-83BB121AAD01}</UniqueIdentifier>
      <Extensions>rc;ico;cur;bmp;dlg;rc2;rct;bin;rgs;gif;jpg;jpeg;jpe;resx;tiff;tif;png;wav;mfcribbon-ms</Extensions>
    </Filter>
  </ItemGroup>
  <ItemGroup>
    <ClCompile Include="nguoitreoco.cpp">
      <Filter>Source Files</Filter>
    </ClCompile>
    <ClCompile Include="SDL.cpp">
      <Filter>Source Files</Filter>
    </ClCompile>
    <ClCompile Include="TextureManager.cpp">
      <Filter>Source Files</Filter>
    </ClCompile>
    <ClCompile Include="Gameobject.cpp">
      <Filter>Source Files</Filter>
    </ClCompile>
    <ClCompile Include="Text.cpp">
      <Filter>Source Files</Filter>
    </ClCompile>
    <ClCompile Include="Mouse.cpp">
      <Filter>Source Files</Filter>
    </ClCompile>
    <ClCompile Include="Butt.cpp">
      <Filter>Source Files</Filter>
    </ClCompile>
    <ClCompile Include="Hangman.cpp">
      <Filter>Source Files</Filter>
    </ClCompile>
    <ClCompile Include="Music.cpp">
      <Filter>Source Files</Filter>
    </ClCompile>
    <ClCompile Include="Timer.cpp">
      <Filter>Source Files</Filter>
    </ClCompile>
  </ItemGroup>
  <ItemGroup>
    <ClInclude Include="SDLL.h">
      <Filter>Header Files</Filter>
    </ClInclude>
    <ClInclude Include="resource.h">
      <Filter>Header Files</Filter>
    </ClInclude>
  </ItemGroup>
  <ItemGroup>
    <Text Include="Highsore.txt">
      <Filter>Resource Files</Filter>
    </Text>
    <Text Include="Hint.txt">
      <Filter>Resource Files</Filter>
    </Text>
    <Text Include="libra.txt">
      <Filter>Resource Files</Filter>
    </Text>
    <Text Include="tu.txt">
      <Filter>Resource Files</Filter>
    </Text>
    <Text Include="time.txt">
      <Filter>Resource Files</Filter>
    </Text>
    <Text Include="weather.txt">
      <Filter>Resource Files</Filter>
    </Text>
    <Text Include="color and shape.txt">
      <Filter>Resource Files</Filter>
    </Text>
    <Text Include="animal and plant.txt">
      <Filter>Resource Files</Filter>
    </Text>
  </ItemGroup>
  <ItemGroup>
    <Image Include="button.jpg">
      <Filter>Resource Files</Filter>
    </Image>
    <Image Include="button_1.png">
      <Filter>Resource Files</Filter>
    </Image>
    <Image Include="HangmanTitle.png">
      <Filter>Resource Files</Filter>
    </Image>
    <Image Include="textbox.png">
      <Filter>Resource Files</Filter>
    </Image>
    <Image Include="hinh0.png">
      <Filter>Resource Files</Filter>
    </Image>
    <Image Include="hinh1.png">
      <Filter>Resource Files</Filter>
    </Image>
    <Image Include="hinh2.png">
      <Filter>Resource Files</Filter>
    </Image>
    <Image Include="hinh3.png">
      <Filter>Resource Files</Filter>
    </Image>
    <Image Include="hinh4.png">
      <Filter>Resource Files</Filter>
    </Image>
    <Image Include="hinh5.png">
      <Filter>Resource Files</Filter>
    </Image>
    <Image Include="hinh6.png">
      <Filter>Resource Files</Filter>
    </Image>
    <Image Include="hanger.png">
      <Filter>Resource Files</Filter>
    </Image>
    <Image Include="button_2.png">
      <Filter>Resource Files</Filter>
    </Image>
    <Image Include="peter.png">
      <Filter>Resource Files</Filter>
    </Image>
    <Image Include="button_3.png">
      <Filter>Resource Files</Filter>
    </Image>
    <Image Include="yes_no_button.png">
      <Filter>Resource Files</Filter>
    </Image>
    <Image Include="button_4.png">
      <Filter>Resource Files</Filter>
    </Image>
    <Image Include="back_button.png">
      <Filter>Resource Files</Filter>
    </Image>
    <Image Include="hangman_background.png">
      <Filter>Resource Files</Filter>
    </Image>
    <Image Include="lois.png">
      <Filter>Resource Files</Filter>
    </Image>
    <Image Include="brian.png">
      <Filter>Resource Files</Filter>
    </Image>
    <Image Include="pause_button.png">
      <Filter>Resource Files</Filter>
    </Image>
    <Image Include="leaderboard.png">
      <Filter>Resource Files</Filter>
    </Image>
    <Image Include="stewie.png">
      <Filter>Resource Files</Filter>
    </Image>
    <Image Include="stewie_2.png">
      <Filter>Resource Files</Filter>
    </Image>
    <Image Include="diff.png">
      <Filter>Resource Files</Filter>
    </Image>
    <Image Include="topic.png">
      <Filter>Resource Files</Filter>
    </Image>
    <Image Include="Game_mode.png">
      <Filter>Resource Files</Filter>
    </Image>
  </ItemGroup>
  <ItemGroup>
    <Media Include="background music.mp3">
      <Filter>Resource Files</Filter>
    </Media>
    <Media Include="click music.mp3">
      <Filter>Resource Files</Filter>
    </Media>
    <Media Include="bomman.mp3">
      <Filter>Resource Files</Filter>
    </Media>
    <Media Include="clap.wav">
      <Filter>Resource Files</Filter>
    </Media>
    <Media Include="wasted.mp3">
      <Filter>Resource Files</Filter>
    </Media>
  </ItemGroup>
  <ItemGroup>
    <ResourceCompile Include="nguoitreoco.rc">
      <Filter>Resource Files</Filter>
    </ResourceCompile>
  </ItemGroup>
</Project>